
Microsoft Visual Studio Solution File, Format Version 12.00
# Visual Studio Version 17
VisualStudioVersion = 17.5.33530.505
MinimumVisualStudioVersion = 10.0.40219.1
Project("{FAE04EC0-301F-11D3-BF4B-00C04F79EFBC}") = "SpaceShooter", "SpaceShooter\SpaceShooter.csproj", "{65EB29F0-9F3D-4911-96F9-5E342D44D0FB}"
EndProject
Global
	GlobalSection(SolutionConfigurationPlatforms) = preSolution
		Debug|Any CPU = Debug|Any CPU
		Release|Any CPU = Release|Any CPU
	EndGlobalSection
	GlobalSection(ProjectConfigurationPlatforms) = postSolution
		{65EB29F0-9F3D-4911-96F9-5E342D44D0FB}.Debug|Any CPU.ActiveCfg = Debug|Any CPU
		{65EB29F0-9F3D-4911-96F9-5E342D44D0FB}.Debug|Any CPU.Build.0 = Debug|Any CPU
		{65EB29F0-9F3D-4911-96F9-5E342D44D0FB}.Release|Any CPU.ActiveCfg = Release|Any CPU
		{65EB29F0-9F3D-4911-96F9-5E342D44D0FB}.Release|Any CPU.Build.0 = Release|Any CPU
	EndGlobalSection
	GlobalSection(SolutionProperties) = preSolution
		HideSolutionNode = FALSE
	EndGlobalSection
	GlobalSection(ExtensibilityGlobals) = postSolution
		SolutionGuid = {816CCCC3-F673-479D-9FA3-D9F7D4B68978}
	EndGlobalSection
EndGlobal
